
Microsoft Visual Studio Solution File, Format Version 12.00
# Visual Studio 2013
VisualStudioVersion = 12.0.40629.0
MinimumVisualStudioVersion = 10.0.40219.1
Project("{FAE04EC0-301F-11D3-BF4B-00C04F79EFBC}") = "SuperMarketSales", "SuperMarketSales\SuperMarketSales.csproj", "{C9A50BE9-A6C3-492B-ADB1-EFC5C0AEA8DA}"
EndProject
Global
	GlobalSection(SolutionConfigurationPlatforms) = preSolution
		Debug|Any CPU = Debug|Any CPU
		Release|Any CPU = Release|Any CPU
	EndGlobalSection
	GlobalSection(ProjectConfigurationPlatforms) = postSolution
		{C9A50BE9-A6C3-492B-ADB1-EFC5C0AEA8DA}.Debug|Any CPU.ActiveCfg = Debug|Any CPU
		{C9A50BE9-A6C3-492B-ADB1-EFC5C0AEA8DA}.Debug|Any CPU.Build.0 = Debug|Any CPU
		{C9A50BE9-A6C3-492B-ADB1-EFC5C0AEA8DA}.Release|Any CPU.ActiveCfg = Release|Any CPU
		{C9A50BE9-A6C3-492B-ADB1-EFC5C0AEA8DA}.Release|Any CPU.Build.0 = Release|Any CPU
	EndGlobalSection
	GlobalSection(SolutionProperties) = preSolution
		HideSolutionNode = FALSE
	EndGlobalSection
EndGlobal
